
Microsoft Visual Studio Solution File, Format Version 12.00
# Visual Studio Version 17
VisualStudioVersion = 17.0.31903.59
MinimumVisualStudioVersion = 10.0.40219.1
Project("{FAE04EC0-301F-11D3-BF4B-00C04F79EFBC}") = "Aula03", "Aula03\Aula03.csproj", "{202BC39D-7BFE-47F9-AF11-96DBAB68D012}"
EndProject
Global
	GlobalSection(SolutionConfigurationPlatforms) = preSolution
		Debug|Any CPU = Debug|Any CPU
		Release|Any CPU = Release|Any CPU
	EndGlobalSection
	GlobalSection(SolutionProperties) = preSolution
		HideSolutionNode = FALSE
	EndGlobalSection
	GlobalSection(ProjectConfigurationPlatforms) = postSolution
		{202BC39D-7BFE-47F9-AF11-96DBAB68D012}.Debug|Any CPU.ActiveCfg = Debug|Any CPU
		{202BC39D-7BFE-47F9-AF11-96DBAB68D012}.Debug|Any CPU.Build.0 = Debug|Any CPU
		{202BC39D-7BFE-47F9-AF11-96DBAB68D012}.Release|Any CPU.ActiveCfg = Release|Any CPU
		{202BC39D-7BFE-47F9-AF11-96DBAB68D012}.Release|Any CPU.Build.0 = Release|Any CPU
	EndGlobalSection
EndGlobal
